
Microsoft Visual Studio Solution File, Format Version 12.00
# Visual Studio 15
VisualStudioVersion = 15.0.27703.2035
MinimumVisualStudioVersion = 10.0.40219.1
Project("{FAE04EC0-301F-11D3-BF4B-00C04F79EFBC}") = "BehaviourTrees", "BehaviourTrees\BehaviourTrees.csproj", "{DE5A007A-22C3-43FE-ACCA-4ECA7685601E}"
EndProject
Global
	GlobalSection(SolutionConfigurationPlatforms) = preSolution
		Debug|Any CPU = Debug|Any CPU
		Release|Any CPU = Release|Any CPU
	EndGlobalSection
	GlobalSection(ProjectConfigurationPlatforms) = postSolution
		{DE5A007A-22C3-43FE-ACCA-4ECA7685601E}.Debug|Any CPU.ActiveCfg = Debug|Any CPU
		{DE5A007A-22C3-43FE-ACCA-4ECA7685601E}.Debug|Any CPU.Build.0 = Debug|Any CPU
		{DE5A007A-22C3-43FE-ACCA-4ECA7685601E}.Release|Any CPU.ActiveCfg = Release|Any CPU
		{DE5A007A-22C3-43FE-ACCA-4ECA7685601E}.Release|Any CPU.Build.0 = Release|Any CPU
	EndGlobalSection
	GlobalSection(SolutionProperties) = preSolution
		HideSolutionNode = FALSE
	EndGlobalSection
	GlobalSection(ExtensibilityGlobals) = postSolution
		SolutionGuid = {00D018E3-E73B-46A0-842D-8520C007FDB9}
	EndGlobalSection
EndGlobal
